
Microsoft Visual Studio Solution File, Format Version 12.00
# Visual Studio Version 16
VisualStudioVersion = 16.0.31515.178
MinimumVisualStudioVersion = 10.0.40219.1
Project("{FAE04EC0-301F-11D3-BF4B-00C04F79EFBC}") = "Action Plugin Demo", "Action Plugin Demo\Action Plugin Demo.csproj", "{E4E1DF47-D7C2-4617-86E9-0407EF84530E}"
EndProject
Global
	GlobalSection(SolutionConfigurationPlatforms) = preSolution
		Debug|Any CPU = Debug|Any CPU
		Release|Any CPU = Release|Any CPU
	EndGlobalSection
	GlobalSection(ProjectConfigurationPlatforms) = postSolution
		{E4E1DF47-D7C2-4617-86E9-0407EF84530E}.Debug|Any CPU.ActiveCfg = Debug|Any CPU
		{E4E1DF47-D7C2-4617-86E9-0407EF84530E}.Debug|Any CPU.Build.0 = Debug|Any CPU
		{E4E1DF47-D7C2-4617-86E9-0407EF84530E}.Release|Any CPU.ActiveCfg = Release|Any CPU
		{E4E1DF47-D7C2-4617-86E9-0407EF84530E}.Release|Any CPU.Build.0 = Release|Any CPU
	EndGlobalSection
	GlobalSection(SolutionProperties) = preSolution
		HideSolutionNode = FALSE
	EndGlobalSection
	GlobalSection(ExtensibilityGlobals) = postSolution
		SolutionGuid = {FD38F8A8-0104-49C7-ACDF-E210B8157373}
	EndGlobalSection
EndGlobal
