
Microsoft Visual Studio Solution File, Format Version 12.00
# Visual Studio Version 16
VisualStudioVersion = 16.0.31624.102
MinimumVisualStudioVersion = 10.0.40219.1
Project("{FAE04EC0-301F-11D3-BF4B-00C04F79EFBC}") = "custom api out box", "custom api out box\custom api out box.csproj", "{7BCBC2EE-AB3D-465B-94D4-2481CD6F49E7}"
EndProject
Global
	GlobalSection(SolutionConfigurationPlatforms) = preSolution
		Debug|Any CPU = Debug|Any CPU
		Release|Any CPU = Release|Any CPU
	EndGlobalSection
	GlobalSection(ProjectConfigurationPlatforms) = postSolution
		{7BCBC2EE-AB3D-465B-94D4-2481CD6F49E7}.Debug|Any CPU.ActiveCfg = Debug|Any CPU
		{7BCBC2EE-AB3D-465B-94D4-2481CD6F49E7}.Debug|Any CPU.Build.0 = Debug|Any CPU
		{7BCBC2EE-AB3D-465B-94D4-2481CD6F49E7}.Release|Any CPU.ActiveCfg = Release|Any CPU
		{7BCBC2EE-AB3D-465B-94D4-2481CD6F49E7}.Release|Any CPU.Build.0 = Release|Any CPU
	EndGlobalSection
	GlobalSection(SolutionProperties) = preSolution
		HideSolutionNode = FALSE
	EndGlobalSection
	GlobalSection(ExtensibilityGlobals) = postSolution
		SolutionGuid = {1C06B31E-7F3C-49DD-8A51-EF61B6510623}
	EndGlobalSection
EndGlobal
