
Microsoft Visual Studio Solution File, Format Version 12.00
# Visual Studio Version 16
VisualStudioVersion = 16.0.31321.278
MinimumVisualStudioVersion = 10.0.40219.1
Project("{FAE04EC0-301F-11D3-BF4B-00C04F79EFBC}") = "AZ_PA_mergefiles2", "AZ_PA_mergefiles2\AZ_PA_mergefiles2.csproj", "{0BC537FC-10DF-4708-9190-7D571B98C0BA}"
EndProject
Global
	GlobalSection(SolutionConfigurationPlatforms) = preSolution
		Debug|Any CPU = Debug|Any CPU
		Release|Any CPU = Release|Any CPU
	EndGlobalSection
	GlobalSection(ProjectConfigurationPlatforms) = postSolution
		{0BC537FC-10DF-4708-9190-7D571B98C0BA}.Debug|Any CPU.ActiveCfg = Debug|Any CPU
		{0BC537FC-10DF-4708-9190-7D571B98C0BA}.Debug|Any CPU.Build.0 = Debug|Any CPU
		{0BC537FC-10DF-4708-9190-7D571B98C0BA}.Release|Any CPU.ActiveCfg = Release|Any CPU
		{0BC537FC-10DF-4708-9190-7D571B98C0BA}.Release|Any CPU.Build.0 = Release|Any CPU
	EndGlobalSection
	GlobalSection(SolutionProperties) = preSolution
		HideSolutionNode = FALSE
	EndGlobalSection
	GlobalSection(ExtensibilityGlobals) = postSolution
		SolutionGuid = {0A5C3714-6D9A-475E-BE3E-5B9DF6B98548}
	EndGlobalSection
EndGlobal
