
Microsoft Visual Studio Solution File, Format Version 12.00
# Visual Studio Version 16
VisualStudioVersion = 16.0.31321.278
MinimumVisualStudioVersion = 10.0.40219.1
Project("{FAE04EC0-301F-11D3-BF4B-00C04F79EFBC}") = "Dynamic", "Dynamic\Dynamic.csproj", "{7100D252-5949-4C17-B226-0AE8DE1AFD03}"
EndProject
Global
	GlobalSection(SolutionConfigurationPlatforms) = preSolution
		Debug|Any CPU = Debug|Any CPU
		Release|Any CPU = Release|Any CPU
	EndGlobalSection
	GlobalSection(ProjectConfigurationPlatforms) = postSolution
		{7100D252-5949-4C17-B226-0AE8DE1AFD03}.Debug|Any CPU.ActiveCfg = Debug|Any CPU
		{7100D252-5949-4C17-B226-0AE8DE1AFD03}.Debug|Any CPU.Build.0 = Debug|Any CPU
		{7100D252-5949-4C17-B226-0AE8DE1AFD03}.Release|Any CPU.ActiveCfg = Release|Any CPU
		{7100D252-5949-4C17-B226-0AE8DE1AFD03}.Release|Any CPU.Build.0 = Release|Any CPU
	EndGlobalSection
	GlobalSection(SolutionProperties) = preSolution
		HideSolutionNode = FALSE
	EndGlobalSection
	GlobalSection(ExtensibilityGlobals) = postSolution
		SolutionGuid = {B7C341F7-0907-4BD9-A371-13DB44B16F9A}
	EndGlobalSection
EndGlobal
