
Microsoft Visual Studio Solution File, Format Version 12.00
# Visual Studio Version 16
VisualStudioVersion = 16.0.31321.278
MinimumVisualStudioVersion = 10.0.40219.1
Project("{FAE04EC0-301F-11D3-BF4B-00C04F79EFBC}") = "Az_Custom_Connector", "Az_Custom_Connector\Az_Custom_Connector.csproj", "{B4B8CC95-7B12-4985-96CC-7FF585FDABB0}"
EndProject
Global
	GlobalSection(SolutionConfigurationPlatforms) = preSolution
		Debug|Any CPU = Debug|Any CPU
		Release|Any CPU = Release|Any CPU
	EndGlobalSection
	GlobalSection(ProjectConfigurationPlatforms) = postSolution
		{B4B8CC95-7B12-4985-96CC-7FF585FDABB0}.Debug|Any CPU.ActiveCfg = Debug|Any CPU
		{B4B8CC95-7B12-4985-96CC-7FF585FDABB0}.Debug|Any CPU.Build.0 = Debug|Any CPU
		{B4B8CC95-7B12-4985-96CC-7FF585FDABB0}.Release|Any CPU.ActiveCfg = Release|Any CPU
		{B4B8CC95-7B12-4985-96CC-7FF585FDABB0}.Release|Any CPU.Build.0 = Release|Any CPU
	EndGlobalSection
	GlobalSection(SolutionProperties) = preSolution
		HideSolutionNode = FALSE
	EndGlobalSection
	GlobalSection(ExtensibilityGlobals) = postSolution
		SolutionGuid = {1CA6EE59-D63D-44AD-9ED0-B39738497080}
	EndGlobalSection
EndGlobal
