
Microsoft Visual Studio Solution File, Format Version 12.00
# Visual Studio Version 16
VisualStudioVersion = 16.0.31624.102
MinimumVisualStudioVersion = 10.0.40219.1
Project("{FAE04EC0-301F-11D3-BF4B-00C04F79EFBC}") = "AzureFnTest", "AzureFnTest\AzureFnTest.csproj", "{DFE92AF9-B0EF-48A0-9DD4-FD522DB884EE}"
EndProject
Global
	GlobalSection(SolutionConfigurationPlatforms) = preSolution
		Debug|Any CPU = Debug|Any CPU
		Release|Any CPU = Release|Any CPU
	EndGlobalSection
	GlobalSection(ProjectConfigurationPlatforms) = postSolution
		{DFE92AF9-B0EF-48A0-9DD4-FD522DB884EE}.Debug|Any CPU.ActiveCfg = Debug|Any CPU
		{DFE92AF9-B0EF-48A0-9DD4-FD522DB884EE}.Debug|Any CPU.Build.0 = Debug|Any CPU
		{DFE92AF9-B0EF-48A0-9DD4-FD522DB884EE}.Release|Any CPU.ActiveCfg = Release|Any CPU
		{DFE92AF9-B0EF-48A0-9DD4-FD522DB884EE}.Release|Any CPU.Build.0 = Release|Any CPU
	EndGlobalSection
	GlobalSection(SolutionProperties) = preSolution
		HideSolutionNode = FALSE
	EndGlobalSection
	GlobalSection(ExtensibilityGlobals) = postSolution
		SolutionGuid = {C04C328C-989D-4848-8E25-FAE53A181159}
	EndGlobalSection
EndGlobal
